
Microsoft Visual Studio Solution File, Format Version 12.00
# Visual Studio Version 17
VisualStudioVersion = 17.0.31903.59
MinimumVisualStudioVersion = 10.0.40219.1
Project("{2150E333-8FDC-42A3-9474-1A3956D46DE8}") = "src", "src", "{A8F0D760-533D-4480-BBB6-96BCB8886F87}"
EndProject
Project("{9A19103F-16F7-4668-BE54-9A1E7A4F7556}") = "KafkaEnumerable", "src\KafkaEnumerable\KafkaEnumerable.csproj", "{508BDF08-C00E-44B5-8A69-2B50D676AB37}"
EndProject
Global
	GlobalSection(SolutionConfigurationPlatforms) = preSolution
		Debug|Any CPU = Debug|Any CPU
		Release|Any CPU = Release|Any CPU
	EndGlobalSection
	GlobalSection(ProjectConfigurationPlatforms) = postSolution
		{508BDF08-C00E-44B5-8A69-2B50D676AB37}.Debug|Any CPU.ActiveCfg = Debug|Any CPU
		{508BDF08-C00E-44B5-8A69-2B50D676AB37}.Debug|Any CPU.Build.0 = Debug|Any CPU
		{508BDF08-C00E-44B5-8A69-2B50D676AB37}.Release|Any CPU.ActiveCfg = Release|Any CPU
		{508BDF08-C00E-44B5-8A69-2B50D676AB37}.Release|Any CPU.Build.0 = Release|Any CPU
	EndGlobalSection
	GlobalSection(SolutionProperties) = preSolution
		HideSolutionNode = FALSE
	EndGlobalSection
	GlobalSection(NestedProjects) = preSolution
		{508BDF08-C00E-44B5-8A69-2B50D676AB37} = {A8F0D760-533D-4480-BBB6-96BCB8886F87}
	EndGlobalSection
	GlobalSection(ExtensibilityGlobals) = postSolution
		SolutionGuid = {4EA2E3E9-2888-4194-A0E8-F299581B0AC4}
	EndGlobalSection
EndGlobal
